
Microsoft Visual Studio Solution File, Format Version 11.00
# Visual Studio 2010
Project("{FAE04EC0-301F-11D3-BF4B-00C04F79EFBC}") = "Origins-Remake", "Origins-Remake\Origins-Remake\Origins-Remake.csproj", "{C9026A89-25AA-4EAE-A601-699959222A9A}"
EndProject
Project("{FAE04EC0-301F-11D3-BF4B-00C04F79EFBC}") = "Origins-RemakeContent", "Origins-Remake\Origins-RemakeContent\Origins-RemakeContent.contentproj", "{B9E5D073-8A04-46E2-897D-449E872D28AA}"
EndProject
Project("{FAE04EC0-301F-11D3-BF4B-00C04F79EFBC}") = "GameHelperLibrary", "GameHelperLibrary\GameHelperLibrary.csproj", "{0FC0A4DE-BC3D-4B16-9C78-6AB679C0BC3D}"
EndProject
Project("{FAE04EC0-301F-11D3-BF4B-00C04F79EFBC}") = "PerlinNoise", "PerlinNoise\PerlinNoise.csproj", "{4FB770A7-7739-49A5-890F-370ACC223A85}"
EndProject
Project("{FAE04EC0-301F-11D3-BF4B-00C04F79EFBC}") = "TiledMapEditorContent", "TiledMapEditor\TiledMapEditorContent\TiledMapEditorContent.contentproj", "{8EA9E583-4FA3-4715-A45D-7C47CE852F2A}"
EndProject
Project("{FAE04EC0-301F-11D3-BF4B-00C04F79EFBC}") = "TiledMapEditor", "TiledMapEditor\TiledMapEditor\TiledMapEditor.csproj", "{C8B66178-69E0-47DE-8EE2-6448F917020D}"
EndProject
Project("{FAE04EC0-301F-11D3-BF4B-00C04F79EFBC}") = "TileEngineLibrary", "TileEngineLibrary\TileEngineLibrary.csproj", "{1295CC68-1030-4275-9F11-AA1B521F3C6F}"
EndProject
Project("{FAE04EC0-301F-11D3-BF4B-00C04F79EFBC}") = "OriginsLibrary", "OriginsLibrary\OriginsLibrary.csproj", "{5B08AD71-7F45-427D-96FB-9301168DDD0E}"
EndProject
Global
	GlobalSection(SolutionConfigurationPlatforms) = preSolution
		Debug|x86 = Debug|x86
		Release|x86 = Release|x86
	EndGlobalSection
	GlobalSection(ProjectConfigurationPlatforms) = postSolution
		{C9026A89-25AA-4EAE-A601-699959222A9A}.Debug|x86.ActiveCfg = Debug|x86
		{C9026A89-25AA-4EAE-A601-699959222A9A}.Debug|x86.Build.0 = Debug|x86
		{C9026A89-25AA-4EAE-A601-699959222A9A}.Release|x86.ActiveCfg = Release|x86
		{C9026A89-25AA-4EAE-A601-699959222A9A}.Release|x86.Build.0 = Release|x86
		{B9E5D073-8A04-46E2-897D-449E872D28AA}.Debug|x86.ActiveCfg = Debug|x86
		{B9E5D073-8A04-46E2-897D-449E872D28AA}.Release|x86.ActiveCfg = Release|x86
		{0FC0A4DE-BC3D-4B16-9C78-6AB679C0BC3D}.Debug|x86.ActiveCfg = Debug|x86
		{0FC0A4DE-BC3D-4B16-9C78-6AB679C0BC3D}.Debug|x86.Build.0 = Debug|x86
		{0FC0A4DE-BC3D-4B16-9C78-6AB679C0BC3D}.Release|x86.ActiveCfg = Release|x86
		{0FC0A4DE-BC3D-4B16-9C78-6AB679C0BC3D}.Release|x86.Build.0 = Release|x86
		{4FB770A7-7739-49A5-890F-370ACC223A85}.Debug|x86.ActiveCfg = Debug|x86
		{4FB770A7-7739-49A5-890F-370ACC223A85}.Debug|x86.Build.0 = Debug|x86
		{4FB770A7-7739-49A5-890F-370ACC223A85}.Release|x86.ActiveCfg = Release|x86
		{4FB770A7-7739-49A5-890F-370ACC223A85}.Release|x86.Build.0 = Release|x86
		{8EA9E583-4FA3-4715-A45D-7C47CE852F2A}.Debug|x86.ActiveCfg = Debug|x86
		{8EA9E583-4FA3-4715-A45D-7C47CE852F2A}.Release|x86.ActiveCfg = Release|x86
		{C8B66178-69E0-47DE-8EE2-6448F917020D}.Debug|x86.ActiveCfg = Debug|x86
		{C8B66178-69E0-47DE-8EE2-6448F917020D}.Debug|x86.Build.0 = Debug|x86
		{C8B66178-69E0-47DE-8EE2-6448F917020D}.Release|x86.ActiveCfg = Release|x86
		{C8B66178-69E0-47DE-8EE2-6448F917020D}.Release|x86.Build.0 = Release|x86
		{1295CC68-1030-4275-9F11-AA1B521F3C6F}.Debug|x86.ActiveCfg = Debug|x86
		{1295CC68-1030-4275-9F11-AA1B521F3C6F}.Debug|x86.Build.0 = Debug|x86
		{1295CC68-1030-4275-9F11-AA1B521F3C6F}.Release|x86.ActiveCfg = Release|x86
		{1295CC68-1030-4275-9F11-AA1B521F3C6F}.Release|x86.Build.0 = Release|x86
		{5B08AD71-7F45-427D-96FB-9301168DDD0E}.Debug|x86.ActiveCfg = Debug|x86
		{5B08AD71-7F45-427D-96FB-9301168DDD0E}.Debug|x86.Build.0 = Debug|x86
		{5B08AD71-7F45-427D-96FB-9301168DDD0E}.Release|x86.ActiveCfg = Release|x86
		{5B08AD71-7F45-427D-96FB-9301168DDD0E}.Release|x86.Build.0 = Release|x86
	EndGlobalSection
	GlobalSection(SolutionProperties) = preSolution
		HideSolutionNode = FALSE
	EndGlobalSection
EndGlobal
